
Microsoft Visual Studio Solution File, Format Version 12.00
# Visual Studio Version 17
VisualStudioVersion = 17.2.32630.192
MinimumVisualStudioVersion = 10.0.40219.1
Project("{9A19103F-16F7-4668-BE54-9A1E7A4F7556}") = "WinFormsApp1", "WinFormsApp1\WinFormsApp1.csproj", "{5D616EA0-BF8A-4EC3-ADBC-D4F4FB24CB5E}"
EndProject
Project("{9A19103F-16F7-4668-BE54-9A1E7A4F7556}") = "Repository_3", "Repository_3\Repository_3.csproj", "{56556739-DCA2-4994-B778-3473C2D2B586}"
EndProject
Global
	GlobalSection(SolutionConfigurationPlatforms) = preSolution
		Debug|Any CPU = Debug|Any CPU
		Release|Any CPU = Release|Any CPU
	EndGlobalSection
	GlobalSection(ProjectConfigurationPlatforms) = postSolution
		{5D616EA0-BF8A-4EC3-ADBC-D4F4FB24CB5E}.Debug|Any CPU.ActiveCfg = Debug|Any CPU
		{5D616EA0-BF8A-4EC3-ADBC-D4F4FB24CB5E}.Debug|Any CPU.Build.0 = Debug|Any CPU
		{5D616EA0-BF8A-4EC3-ADBC-D4F4FB24CB5E}.Release|Any CPU.ActiveCfg = Release|Any CPU
		{5D616EA0-BF8A-4EC3-ADBC-D4F4FB24CB5E}.Release|Any CPU.Build.0 = Release|Any CPU
		{56556739-DCA2-4994-B778-3473C2D2B586}.Debug|Any CPU.ActiveCfg = Debug|Any CPU
		{56556739-DCA2-4994-B778-3473C2D2B586}.Debug|Any CPU.Build.0 = Debug|Any CPU
		{56556739-DCA2-4994-B778-3473C2D2B586}.Release|Any CPU.ActiveCfg = Release|Any CPU
		{56556739-DCA2-4994-B778-3473C2D2B586}.Release|Any CPU.Build.0 = Release|Any CPU
	EndGlobalSection
	GlobalSection(SolutionProperties) = preSolution
		HideSolutionNode = FALSE
	EndGlobalSection
	GlobalSection(ExtensibilityGlobals) = postSolution
		SolutionGuid = {0B7E9635-532D-4C27-B38C-F89E0418C92F}
	EndGlobalSection
EndGlobal
