
Microsoft Visual Studio Solution File, Format Version 12.00
# Visual Studio Version 16
VisualStudioVersion = 16.0.31729.503
MinimumVisualStudioVersion = 10.0.40219.1
Project("{FAE04EC0-301F-11D3-BF4B-00C04F79EFBC}") = "PROJECT_PRN211_7", "PROJECT_PRN211_7\PROJECT_PRN211_7.csproj", "{45DBBAD1-8FC2-4402-93A4-0DB7D8ED23DC}"
EndProject
Project("{FAE04EC0-301F-11D3-BF4B-00C04F79EFBC}") = "Repository", "Repository\Repository.csproj", "{54FC2DE7-860A-4B12-BFC1-F2D38C7B3947}"
EndProject
Global
	GlobalSection(SolutionConfigurationPlatforms) = preSolution
		Debug|Any CPU = Debug|Any CPU
		Release|Any CPU = Release|Any CPU
	EndGlobalSection
	GlobalSection(ProjectConfigurationPlatforms) = postSolution
		{45DBBAD1-8FC2-4402-93A4-0DB7D8ED23DC}.Debug|Any CPU.ActiveCfg = Debug|Any CPU
		{45DBBAD1-8FC2-4402-93A4-0DB7D8ED23DC}.Debug|Any CPU.Build.0 = Debug|Any CPU
		{45DBBAD1-8FC2-4402-93A4-0DB7D8ED23DC}.Release|Any CPU.ActiveCfg = Release|Any CPU
		{45DBBAD1-8FC2-4402-93A4-0DB7D8ED23DC}.Release|Any CPU.Build.0 = Release|Any CPU
		{54FC2DE7-860A-4B12-BFC1-F2D38C7B3947}.Debug|Any CPU.ActiveCfg = Debug|Any CPU
		{54FC2DE7-860A-4B12-BFC1-F2D38C7B3947}.Debug|Any CPU.Build.0 = Debug|Any CPU
		{54FC2DE7-860A-4B12-BFC1-F2D38C7B3947}.Release|Any CPU.ActiveCfg = Release|Any CPU
		{54FC2DE7-860A-4B12-BFC1-F2D38C7B3947}.Release|Any CPU.Build.0 = Release|Any CPU
	EndGlobalSection
	GlobalSection(SolutionProperties) = preSolution
		HideSolutionNode = FALSE
	EndGlobalSection
	GlobalSection(ExtensibilityGlobals) = postSolution
		SolutionGuid = {9AB51AAC-258A-4716-9CE8-4FCD5E9893D6}
	EndGlobalSection
EndGlobal
