
Microsoft Visual Studio Solution File, Format Version 12.00
# Visual Studio Version 17
VisualStudioVersion = 17.3.32922.545
MinimumVisualStudioVersion = 10.0.40219.1
Project("{FAE04EC0-301F-11D3-BF4B-00C04F79EFBC}") = "PRN211PE_Assigment", "PRN211PE_Assigment\PRN211PE_Assigment.csproj", "{7342699D-9258-4A96-A346-B5A2F1687429}"
EndProject
Project("{FAE04EC0-301F-11D3-BF4B-00C04F79EFBC}") = "Repository", "Repository\Repository.csproj", "{94678FCF-82DC-4322-8E4C-1B9C1C1014C2}"
EndProject
Global
	GlobalSection(SolutionConfigurationPlatforms) = preSolution
		Debug|Any CPU = Debug|Any CPU
		Release|Any CPU = Release|Any CPU
	EndGlobalSection
	GlobalSection(ProjectConfigurationPlatforms) = postSolution
		{7342699D-9258-4A96-A346-B5A2F1687429}.Debug|Any CPU.ActiveCfg = Debug|Any CPU
		{7342699D-9258-4A96-A346-B5A2F1687429}.Debug|Any CPU.Build.0 = Debug|Any CPU
		{7342699D-9258-4A96-A346-B5A2F1687429}.Release|Any CPU.ActiveCfg = Release|Any CPU
		{7342699D-9258-4A96-A346-B5A2F1687429}.Release|Any CPU.Build.0 = Release|Any CPU
		{94678FCF-82DC-4322-8E4C-1B9C1C1014C2}.Debug|Any CPU.ActiveCfg = Debug|Any CPU
		{94678FCF-82DC-4322-8E4C-1B9C1C1014C2}.Debug|Any CPU.Build.0 = Debug|Any CPU
		{94678FCF-82DC-4322-8E4C-1B9C1C1014C2}.Release|Any CPU.ActiveCfg = Release|Any CPU
		{94678FCF-82DC-4322-8E4C-1B9C1C1014C2}.Release|Any CPU.Build.0 = Release|Any CPU
	EndGlobalSection
	GlobalSection(SolutionProperties) = preSolution
		HideSolutionNode = FALSE
	EndGlobalSection
	GlobalSection(ExtensibilityGlobals) = postSolution
		SolutionGuid = {E8C8B1E7-7F00-4968-8EB5-14F1455188EB}
	EndGlobalSection
EndGlobal
